{
  "name": "pac-proxy-server",
  "version": "1.0.0",
  "lockfileVersion": 1,
  "requires": true,
  "dependencies": {
    "commander": {
      "version": "3.0.1",
      "resolved": "https://registry.npm.taobao.org/commander/download/commander-3.0.1.tgz?cache=0&other_urls=https%3A%2F%2Fregistry.npm.taobao.org%2Fcommander%2Fdownload%2Fcommander-3.0.1.tgz",
      "integrity": "sha1-RZWuw1MFJeZx+2+F+xc9+P+L9Xo="
    },
    "ip": {
      "version": "1.1.5",
      "resolved": "http://registry.npm.taobao.org/ip/download/ip-1.1.5.tgz",
      "integrity": "sha1-vd7XARQpCCjAoDnnLvJfWq7ENUo="
    },
    "smart-buffer": {
      "version": "4.0.2",
      "resolved": "https://registry.npm.taobao.org/smart-buffer/download/smart-buffer-4.0.2.tgz",
      "integrity": "sha1-UgeFjDgVzGkRBwPGuU5GwVY0OV0="
    },
    "socks": {
      "version": "2.3.2",
      "resolved": "https://registry.npm.taobao.org/socks/download/socks-2.3.2.tgz",
      "integrity": "sha1-reOI6ebYf9sRZJwVdGxXiSKliD4=",
      "requires": {
        "ip": "^1.1.5",
        "smart-buffer": "4.0.2"
      }
    }
  }
}
